// !$*UTF8*$!
{
	archiveVersion = 1;
	classes = {
	};
	objectVersion = 50;
	objects = {

/* Begin PBXBuildFile section */
		873D54BD2254EC9C001E61EB /* AppDelegate.swift in Sources */ = {isa = PBXBuildFile; fileRef = 873D54BC2254EC9C001E61EB /* AppDelegate.swift */; };
		873D54BF2254EC9C001E61EB /* ViewController.swift in Sources */ = {isa = PBXBuildFile; fileRef = 873D54BE2254EC9C001E61EB /* ViewController.swift */; };
		873D54C22254EC9C001E61EB /* Main.storyboard in Resources */ = {isa = PBXBuildFile; fileRef = 873D54C02254EC9C001E61EB /* Main.storyboard */; };
		873D54C42254ECA5001E61EB /* Assets.xcassets in Resources */ = {isa = PBXBuildFile; fileRef = 873D54C32254ECA5001E61EB /* Assets.xcassets */; };
		873D54C72254ECA5001E61EB /* LaunchScreen.storyboard in Resources */ = {isa = PBXBuildFile; fileRef = 873D54C52254ECA5001E61EB /* LaunchScreen.storyboard */; };
		8781FB7B22623A66008DD2C4 /* Meme.swift in Sources */ = {isa = PBXBuildFile; fileRef = 8781FB7A22623A66008DD2C4 /* Meme.swift */; };
		8781FB7D2262428A008DD2C4 /* SentMemesTableViewController.swift in Sources */ = {isa = PBXBuildFile; fileRef = 8781FB7C2262428A008DD2C4 /* SentMemesTableViewController.swift */; };
		8781FB7F22624657008DD2C4 /* SentMemesCollectionViewController.swift in Sources */ = {isa = PBXBuildFile; fileRef = 8781FB7E22624657008DD2C4 /* SentMemesCollectionViewController.swift */; };
		8781FB8122624A15008DD2C4 /* SentCollectionViewCell.swift in Sources */ = {isa = PBXBuildFile; fileRef = 8781FB8022624A15008DD2C4 /* SentCollectionViewCell.swift */; };
/* End PBXBuildFile section */

/* Begin PBXFileReference section */
		873D54B92254EC9C001E61EB /* demoMememe.app */ = {isa = PBXFileReference; explicitFileType = wrapper.application; includeInIndex = 0; path = demoMememe.app; sourceTree = BUILT_PRODUCTS_DIR; };
		873D54BC2254EC9C001E61EB /* AppDelegate.swift */ = {isa = PBXFileReference; lastKnownFileType = sourcecode.swift; path = AppDelegate.swift; sourceTree = "<group>"; };
		873D54BE2254EC9C001E61EB /* ViewController.swift */ = {isa = PBXFileReference; lastKnownFileType = sourcecode.swift; path = ViewController.swift; sourceTree = "<group>"; };
		873D54C12254EC9C001E61EB /* Base */ = {isa = PBXFileReference; lastKnownFileType = file.storyboard; name = Base; path = Base.lproj/Main.storyboard; sourceTree = "<group>"; };
		873D54C32254ECA5001E61EB /* Assets.xcassets */ = {isa = PBXFileReference; lastKnownFileType = folder.assetcatalog; path = Assets.xcassets; sourceTree = "<group>"; };
		873D54C62254ECA5001E61EB /* Base */ = {isa = PBXFileReference; lastKnownFileType = file.storyboard; name = Base; path = Base.lproj/LaunchScreen.storyboard; sourceTree = "<group>"; };
		873D54C82254ECA5001E61EB /* Info.plist */ = {isa = PBXFileReference; lastKnownFileType = text.plist.xml; path = Info.plist; sourceTree = "<group>"; };
		8781FB7A22623A66008DD2C4 /* Meme.swift */ = {isa = PBXFileReference; lastKnownFileType = sourcecode.swift; path = Meme.swift; sourceTree = "<group>"; };
		8781FB7C2262428A008DD2C4 /* SentMemesTableViewController.swift */ = {isa = PBXFileReference; lastKnownFileType = sourcecode.swift; path = SentMemesTableViewController.swift; sourceTree = "<group>"; };
		8781FB7E22624657008DD2C4 /* SentMemesCollectionViewController.swift */ = {isa = PBXFileReference; lastKnownFileType = sourcecode.swift; path = SentMemesCollectionViewController.swift; sourceTree = "<group>"; };
		8781FB8022624A15008DD2C4 /* SentCollectionViewCell.swift */ = {isa = PBXFileReference; lastKnownFileType = sourcecode.swift; path = SentCollectionViewCell.swift; sourceTree = "<group>"; };
/* End PBXFileReference section */

/* Begin PBXFrameworksBuildPhase section */
		873D54B62254EC9C001E61EB /* Frameworks */ = {
			isa = PBXFrameworksBuildPhase;
			buildActionMask = 2147483647;
			files = (
			);
			runOnlyForDeploymentPostprocessing = 0;
		};
/* End PBXFrameworksBuildPhase section */

/* Begin PBXGroup section */
		873D54B02254EC9C001E61EB = {
			isa = PBXGroup;
			children = (
				873D54BB2254EC9C001E61EB /* demoMememe */,
				873D54BA2254EC9C001E61EB /* Products */,
			);
			sourceTree = "<group>";
		};
		873D54BA2254EC9C001E61EB /* Products */ = {
			isa = PBXGroup;
			children = (
				873D54B92254EC9C001E61EB /* demoMememe.app */,
			);
			name = Products;
			sourceTree = "<group>";
		};
		873D54BB2254EC9C001E61EB /* demoMememe */ = {
			isa = PBXGroup;
			children = (
				873D54BC2254EC9C001E61EB /* AppDelegate.swift */,
				873D54BE2254EC9C001E61EB /* ViewController.swift */,
				873D54C02254EC9C001E61EB /* Main.storyboard */,
				873D54C32254ECA5001E61EB /* Assets.xcassets */,
				873D54C52254ECA5001E61EB /* LaunchScreen.storyboard */,
				873D54C82254ECA5001E61EB /* Info.plist */,
				8781FB7A22623A66008DD2C4 /* Meme.swift */,
				8781FB7C2262428A008DD2C4 /* SentMemesTableViewController.swift */,
				8781FB7E22624657008DD2C4 /* SentMemesCollectionViewController.swift */,
				8781FB8022624A15008DD2C4 /* SentCollectionViewCell.swift */,
			);
			path = demoMememe;
			sourceTree = "<group>";
		};
/* End PBXGroup section */

/* Begin PBXNativeTarget section */
		873D54B82254EC9C001E61EB /* demoMememe */ = {
			isa = PBXNativeTarget;
			buildConfigurationList = 873D54CB2254ECA5001E61EB /* Build configuration list for PBXNativeTarget "demoMememe" */;
			buildPhases = (
				873D54B52254EC9C001E61EB /* Sources */,
				873D54B62254EC9C001E61EB /* Frameworks */,
				873D54B72254EC9C001E61EB /* Resources */,
			);
			buildRules = (
			);
			dependencies = (
			);
			name = demoMememe;
			productName = demoMememe;
			productReference = 873D54B92254EC9C001E61EB /* demoMememe.app */;
			productType = "com.apple.product-type.application";
		};
/* End PBXNativeTarget section */

/* Begin PBXProject section */
		873D54B12254EC9C001E61EB /* Project object */ = {
			isa = PBXProject;
			attributes = {
				LastSwiftUpdateCheck = 1010;
				LastUpgradeCheck = 1010;
				ORGANIZATIONNAME = Udacity;
				TargetAttributes = {
					873D54B82254EC9C001E61EB = {
						CreatedOnToolsVersion = 10.1;
					};
				};
			};
			buildConfigurationList = 873D54B42254EC9C001E61EB /* Build configuration list for PBXProject "demoMememe" */;
			compatibilityVersion = "Xcode 9.3";
			developmentRegion = en;
			hasScannedForEncodings = 0;
			knownRegions = (
				en,
				Base,
			);
			mainGroup = 873D54B02254EC9C001E61EB;
			productRefGroup = 873D54BA2254EC9C001E61EB /* Products */;
			projectDirPath = "";
			projectRoot = "";
			targets = (
				873D54B82254EC9C001E61EB /* demoMememe */,
			);
		};
/* End PBXProject section */

/* Begin PBXResourcesBuildPhase section */
		873D54B72254EC9C001E61EB /* Resources */ = {
			isa = PBXResourcesBuildPhase;
			buildActionMask = 2147483647;
			files = (
				873D54C72254ECA5001E61EB /* LaunchScreen.storyboard in Resources */,
				873D54C42254ECA5001E61EB /* Assets.xcassets in Resources */,
				873D54C22254EC9C001E61EB /* Main.storyboard in Resources */,
			);
			runOnlyForDeploymentPostprocessing = 0;
		};
/* End PBXResourcesBuildPhase section */

/* Begin PBXSourcesBuildPhase section */
		873D54B52254EC9C001E61EB /* Sources */ = {
			isa = PBXSourcesBuildPhase;
			buildActionMask = 2147483647;
			files = (
				8781FB8122624A15008DD2C4 /* SentCollectionViewCell.swift in Sources */,
				8781FB7D2262428A008DD2C4 /* SentMemesTableViewController.swift in Sources */,
				8781FB7B22623A66008DD2C4 /* Meme.swift in Sources */,
				8781FB7F22624657008DD2C4 /* SentMemesCollectionViewController.swift in Sources */,
				873D54BF2254EC9C001E61EB /* ViewController.swift in Sources */,
				873D54BD2254EC9C001E61EB /* AppDelegate.swift in Sources */,
			);
			runOnlyForDeploymentPostprocessing = 0;
		};
/* End PBXSourcesBuildPhase section */

/* Begin PBXVariantGroup section */
		873D54C02254EC9C001E61EB /* Main.storyboard */ = {
			isa = PBXVariantGroup;
			children = (
				873D54C12254EC9C001E61EB /* Base */,
			);
			name = Main.storyboard;
			sourceTree = "<group>";
		};
		873D54C52254ECA5001E61EB /* LaunchScreen.storyboard */ = {
			isa = PBXVariantGroup;
			children = (
				873D54C62254ECA5001E61EB /* Base */,
			);
			name = LaunchScreen.storyboard;
			sourceTree = "<group>";
		};
/* End PBXVariantGroup section */

/* Begin XCBuildConfiguration section */
		873D54C92254ECA5001E61EB /* Debug */ = {
			isa = XCBuildConfiguration;
			buildSettings = {
				ALWAYS_SEARCH_USER_PATHS = NO;
				CLANG_ANALYZER_NONNULL = YES;
				CLANG_ANALYZER_NUMBER_OBJECT_CONVERSION = YES_AGGRESSIVE;
				CLANG_CXX_LANGUAGE_STANDARD = "gnu++14";
				CLANG_CXX_LIBRARY = "libc++";
				CLANG_ENABLE_MODULES = YES;
				CLANG_ENABLE_OBJC_ARC = YES;
				CLANG_ENABLE_OBJC_WEAK = YES;
				CLANG_WARN_BLOCK_CAPTURE_AUTORELEASING = YES;
				CLANG_WARN_BOOL_CONVERSION = YES;
				CLANG_WARN_COMMA = YES;
				CLANG_WARN_CONSTANT_CONVERSION = YES;
				CLANG_WARN_DEPRECATED_OBJC_IMPLEMENTATIONS = YES;
				CLANG_WARN_DIRECT_OBJC_ISA_USAGE = YES_ERROR;
				CLANG_WARN_DOCUMENTATION_COMMENTS = YES;
				CLANG_WARN_EMPTY_BODY = YES;
				CLANG_WARN_ENUM_CONVERSION = YES;
				CLANG_WARN_INFINITE_RECURSION = YES;
				CLANG_WARN_INT_CONVERSION = YES;
				CLANG_WARN_NON_LITERAL_NULL_CONVERSION = YES;
				CLANG_WARN_OBJC_IMPLICIT_RETAIN_SELF = YES;
				CLANG_WARN_OBJC_LITERAL_CONVERSION = YES;
				CLANG_WARN_OBJC_ROOT_CLASS = YES_ERROR;
				CLANG_WARN_RANGE_LOOP_ANALYSIS = YES;
				CLANG_WARN_STRICT_PROTOTYPES = YES;
				CLANG_WARN_SUSPICIOUS_MOVE = YES;
				CLANG_WARN_UNGUARDED_AVAILABILITY = YES_AGGRESSIVE;
				CLANG_WARN_UNREACHABLE_CODE = YES;
				CLANG_WARN__DUPLICATE_METHOD_MATCH = YES;
				CODE_SIGN_IDENTITY = "iPhone Developer";
				COPY_PHASE_STRIP = NO;
				DEBUG_INFORMATION_FORMAT = dwarf;
				ENABLE_STRICT_OBJC_MSGSEND = YES;
				ENABLE_TESTABILITY = YES;
				GCC_C_LANGUAGE_STANDARD = gnu11;
				GCC_DYNAMIC_NO_PIC = NO;
				GCC_NO_COMMON_BLOCKS = YES;
				GCC_OPTIMIZATION_LEVEL = 0;
				GCC_PREPROCESSOR_DEFINITIONS = (
					"DEBUG=1",
					"$(inherited)",
				);
				GCC_WARN_64_TO_32_BIT_CONVERSION = YES;
				GCC_WARN_ABOUT_RETURN_TYPE = YES_ERROR;
				GCC_WARN_UNDECLARED_SELECTOR = YES;
				GCC_WARN_UNINITIALIZED_AUTOS = YES_AGGRESSIVE;
				GCC_WARN_UNUSED_FUNCTION = YES;
				GCC_WARN_UNUSED_VARIABLE = YES;
				IPHONEOS_DEPLOYMENT_TARGET = 12.1;
				MTL_ENABLE_DEBUG_INFO = INCLUDE_SOURCE;
				MTL_FAST_MATH = YES;
				ONLY_ACTIVE_ARCH = YES;
				SDKROOT = iphoneos;
				SWIFT_ACTIVE_COMPILATION_CONDITIONS = DEBUG;
				SWIFT_OPTIMIZATION_LEVEL = "-Onone";
			};
			name = Debug;
		};
		873D54CA2254ECA5001E61EB /* Release */ = {
			isa = XCBuildConfiguration;
			buildSettings = {
				ALWAYS_SEARCH_USER_PATHS = NO;
				CLANG_ANALYZER_NONNULL = YES;
				CLANG_ANALYZER_NUMBER_OBJECT_CONVERSION = YES_AGGRESSIVE;
				CLANG_CXX_LANGUAGE_STANDARD = "gnu++14";
				CLANG_CXX_LIBRARY = "libc++";
				CLANG_ENABLE_MODULES = YES;
				CLANG_ENABLE_OBJC_ARC = YES;
				CLANG_ENABLE_OBJC_WEAK = YES;
				CLANG_WARN_BLOCK_CAPTURE_AUTORELEASING = YES;
				CLANG_WARN_BOOL_CONVERSION = YES;
				CLANG_WARN_COMMA = YES;
				CLANG_WARN_CONSTANT_CONVERSION = YES;
				CLANG_WARN_DEPRECATED_OBJC_IMPLEMENTATIONS = YES;
				CLANG_WARN_DIRECT_OBJC_ISA_USAGE = YES_ERROR;
				CLANG_WARN_DOCUMENTATION_COMMENTS = YES;
				CLANG_WARN_EMPTY_BODY = YES;
				CLANG_WARN_ENUM_CONVERSION = YES;
				CLANG_WARN_INFINITE_RECURSION = YES;
				CLANG_WARN_INT_CONVERSION = YES;
				CLANG_WARN_NON_LITERAL_NULL_CONVERSION = YES;
				CLANG_WARN_OBJC_IMPLICIT_RETAIN_SELF = YES;
				CLANG_WARN_OBJC_LITERAL_CONVERSION = YES;
				CLANG_WARN_OBJC_ROOT_CLASS = YES_ERROR;
				CLANG_WARN_RANGE_LOOP_ANALYSIS = YES;
				CLANG_WARN_STRICT_PROTOTYPES = YES;
				CLANG_WARN_SUSPICIOUS_MOVE = YES;
				CLANG_WARN_UNGUARDED_AVAILABILITY = YES_AGGRESSIVE;
				CLANG_WARN_UNREACHABLE_CODE = YES;
				CLANG_WARN__DUPLICATE_METHOD_MATCH = YES;
				CODE_SIGN_IDENTITY = "iPhone Developer";
				COPY_PHASE_STRIP = NO;
				DEBUG_INFORMATION_FORMAT = "dwarf-with-dsym";
				ENABLE_NS_ASSERTIONS = NO;
				ENABLE_STRICT_OBJC_MSGSEND = YES;
				GCC_C_LANGUAGE_STANDARD = gnu11;
				GCC_NO_COMMON_BLOCKS = YES;
				GCC_WARN_64_TO_32_BIT_CONVERSION = YES;
				GCC_WARN_ABOUT_RETURN_TYPE = YES_ERROR;
				GCC_WARN_UNDECLARED_SELECTOR = YES;
				GCC_WARN_UNINITIALIZED_AUTOS = YES_AGGRESSIVE;
				GCC_WARN_UNUSED_FUNCTION = YES;
				GCC_WARN_UNUSED_VARIABLE = YES;
				IPHONEOS_DEPLOYMENT_TARGET = 12.1;
				MTL_ENABLE_DEBUG_INFO = NO;
				MTL_FAST_MATH = YES;
				SDKROOT = iphoneos;
				SWIFT_COMPILATION_MODE = wholemodule;
				SWIFT_OPTIMIZATION_LEVEL = "-O";
				VALIDATE_PRODUCT = YES;
			};
			name = Release;
		};
		873D54CC2254ECA5001E61EB /* Debug */ = {
			isa = XCBuildConfiguration;
			buildSettings = {
				ASSETCATALOG_COMPILER_APPICON_NAME = AppIcon;
				CODE_SIGN_STYLE = Automatic;
				DEVELOPMENT_TEAM = 6FURN6X4DJ;
				INFOPLIST_FILE = demoMememe/Info.plist;
				LD_RUNPATH_SEARCH_PATHS = (
					"$(inherited)",
					"@executable_path/Frameworks",
				);
				PRODUCT_BUNDLE_IDENTIFIER = com.Udacity.demoMememe;
				PRODUCT_NAME = "$(TARGET_NAME)";
				SWIFT_VERSION = 4.2;
				TARGETED_DEVICE_FAMILY = "1,2";
			};
			name = Debug;
		};
		873D54CD2254ECA5001E61EB /* Release */ = {
			isa = XCBuildConfiguration;
			buildSettings = {
				ASSETCATALOG_COMPILER_APPICON_NAME = AppIcon;
				CODE_SIGN_STYLE = Automatic;
				DEVELOPMENT_TEAM = 6FURN6X4DJ;
				INFOPLIST_FILE = demoMememe/Info.plist;
				LD_RUNPATH_SEARCH_PATHS = (
					"$(inherited)",
					"@executable_path/Frameworks",
				);
				PRODUCT_BUNDLE_IDENTIFIER = com.Udacity.demoMememe;
				PRODUCT_NAME = "$(TARGET_NAME)";
				SWIFT_VERSION = 4.2;
				TARGETED_DEVICE_FAMILY = "1,2";
			};
			name = Release;
		};
/* End XCBuildConfiguration section */

/* Begin XCConfigurationList section */
		873D54B42254EC9C001E61EB /* Build configuration list for PBXProject "demoMememe" */ = {
			isa = XCConfigurationList;
			buildConfigurations = (
				873D54C92254ECA5001E61EB /* Debug */,
				873D54CA2254ECA5001E61EB /* Release */,
			);
			defaultConfigurationIsVisible = 0;
			defaultConfigurationName = Release;
		};
		873D54CB2254ECA5001E61EB /* Build configuration list for PBXNativeTarget "demoMememe" */ = {
			isa = XCConfigurationList;
			buildConfigurations = (
				873D54CC2254ECA5001E61EB /* Debug */,
				873D54CD2254ECA5001E61EB /* Release */,
			);
			defaultConfigurationIsVisible = 0;
			defaultConfigurationName = Release;
		};
/* End XCConfigurationList section */
	};
	rootObject = 873D54B12254EC9C001E61EB /* Project object */;
}
